PODS:
  - Alamofire (4.7.1)
  - SwiftSoup (1.7.1)
  - UIGradient (1.1.2)

DEPENDENCIES:
  - Alamofire (~> 4.7)
  - SwiftSoup
  - UIGradient (~> 1.1.2)

SPEC CHECKSUMS:
  Alamofire: 68d7d521118d49c615a8d2214d87cdf525599d30
  SwiftSoup: 277f7ef548826e0ca7603a06b30d4a5df3ee0587
  UIGradient: 8284447bfcf93260db8363d654e35a34fe56b670

PODFILE CHECKSUM: 8d13ec2dbc8616ab4705d453b99cc14eb5918e37

COCOAPODS: 1.4.0
